
Microsoft Visual Studio Solution File, Format Version 12.00
# Visual Studio Version 16
VisualStudioVersion = 16.0.30204.135
MinimumVisualStudioVersion = 10.0.40219.1
Project("{9A19103F-16F7-4668-BE54-9A1E7A4F7556}") = "Dag2", "Dag2\Dag2.csproj", "{89593963-D775-49A7-A1C0-3AF256BD84EA}"
EndProject
Project("{FAE04EC0-301F-11D3-BF4B-00C04F79EFBC}") = "Lab01", "Lab01\Lab01.csproj", "{0A2E242B-2691-4024-9CA8-A6AB31501993}"
EndProject
Project("{FAE04EC0-301F-11D3-BF4B-00C04F79EFBC}") = "Lab02", "Lab02\Lab02.csproj", "{1124BC06-8C0B-479B-8724-F7B2450D7830}"
EndProject
Project("{FAE04EC0-301F-11D3-BF4B-00C04F79EFBC}") = "Lab03", "Lab03\Lab03.csproj", "{FCD5BA41-318E-43B8-BC20-100A124DBB0A}"
EndProject
Project("{FAE04EC0-301F-11D3-BF4B-00C04F79EFBC}") = "Lab04", "Lab04\Lab04.csproj", "{C4FB5BF6-C235-4AAE-B582-C3548A5FEF7A}"
EndProject
Project("{FAE04EC0-301F-11D3-BF4B-00C04F79EFBC}") = "AngeDinÅlder", "AngeDinÅlder\AngeDinÅlder.csproj", "{3EF7DBE5-BA27-40B3-9595-A47B3C9737E4}"
EndProject
Project("{FAE04EC0-301F-11D3-BF4B-00C04F79EFBC}") = "ReadKey", "ReadKey\ReadKey.csproj", "{C774D5CF-7267-4E71-98AE-63B12A984D59}"
EndProject
Project("{FAE04EC0-301F-11D3-BF4B-00C04F79EFBC}") = "Lab05", "Lab05\Lab05.csproj", "{45FE7CE1-DF33-484A-B08C-F526D418A0C1}"
EndProject
Project("{FAE04EC0-301F-11D3-BF4B-00C04F79EFBC}") = "Lab06", "Lab06\Lab06.csproj", "{CEEBC451-8A6C-4352-8EB5-8642445F8BB5}"
EndProject
Project("{FAE04EC0-301F-11D3-BF4B-00C04F79EFBC}") = "Lab07", "Lab07\Lab07.csproj", "{2D6F8819-E0E8-4758-9CBF-2BCED5AA3BDD}"
EndProject
Project("{FAE04EC0-301F-11D3-BF4B-00C04F79EFBC}") = "lab08", "lab08\lab08.csproj", "{89967B12-9F01-4699-81D6-851509BE1B44}"
EndProject
Global
	GlobalSection(SolutionConfigurationPlatforms) = preSolution
		Debug|Any CPU = Debug|Any CPU
		Release|Any CPU = Release|Any CPU
	EndGlobalSection
	GlobalSection(ProjectConfigurationPlatforms) = postSolution
		{89593963-D775-49A7-A1C0-3AF256BD84EA}.Debug|Any CPU.ActiveCfg = Debug|Any CPU
		{89593963-D775-49A7-A1C0-3AF256BD84EA}.Debug|Any CPU.Build.0 = Debug|Any CPU
		{89593963-D775-49A7-A1C0-3AF256BD84EA}.Release|Any CPU.ActiveCfg = Release|Any CPU
		{89593963-D775-49A7-A1C0-3AF256BD84EA}.Release|Any CPU.Build.0 = Release|Any CPU
		{0A2E242B-2691-4024-9CA8-A6AB31501993}.Debug|Any CPU.ActiveCfg = Debug|Any CPU
		{0A2E242B-2691-4024-9CA8-A6AB31501993}.Debug|Any CPU.Build.0 = Debug|Any CPU
		{0A2E242B-2691-4024-9CA8-A6AB31501993}.Release|Any CPU.ActiveCfg = Release|Any CPU
		{0A2E242B-2691-4024-9CA8-A6AB31501993}.Release|Any CPU.Build.0 = Release|Any CPU
		{1124BC06-8C0B-479B-8724-F7B2450D7830}.Debug|Any CPU.ActiveCfg = Debug|Any CPU
		{1124BC06-8C0B-479B-8724-F7B2450D7830}.Debug|Any CPU.Build.0 = Debug|Any CPU
		{1124BC06-8C0B-479B-8724-F7B2450D7830}.Release|Any CPU.ActiveCfg = Release|Any CPU
		{1124BC06-8C0B-479B-8724-F7B2450D7830}.Release|Any CPU.Build.0 = Release|Any CPU
		{FCD5BA41-318E-43B8-BC20-100A124DBB0A}.Debug|Any CPU.ActiveCfg = Debug|Any CPU
		{FCD5BA41-318E-43B8-BC20-100A124DBB0A}.Debug|Any CPU.Build.0 = Debug|Any CPU
		{FCD5BA41-318E-43B8-BC20-100A124DBB0A}.Release|Any CPU.ActiveCfg = Release|Any CPU
		{FCD5BA41-318E-43B8-BC20-100A124DBB0A}.Release|Any CPU.Build.0 = Release|Any CPU
		{C4FB5BF6-C235-4AAE-B582-C3548A5FEF7A}.Debug|Any CPU.ActiveCfg = Debug|Any CPU
		{C4FB5BF6-C235-4AAE-B582-C3548A5FEF7A}.Debug|Any CPU.Build.0 = Debug|Any CPU
		{C4FB5BF6-C235-4AAE-B582-C3548A5FEF7A}.Release|Any CPU.ActiveCfg = Release|Any CPU
		{C4FB5BF6-C235-4AAE-B582-C3548A5FEF7A}.Release|Any CPU.Build.0 = Release|Any CPU
		{3EF7DBE5-BA27-40B3-9595-A47B3C9737E4}.Debug|Any CPU.ActiveCfg = Debug|Any CPU
		{3EF7DBE5-BA27-40B3-9595-A47B3C9737E4}.Debug|Any CPU.Build.0 = Debug|Any CPU
		{3EF7DBE5-BA27-40B3-9595-A47B3C9737E4}.Release|Any CPU.ActiveCfg = Release|Any CPU
		{3EF7DBE5-BA27-40B3-9595-A47B3C9737E4}.Release|Any CPU.Build.0 = Release|Any CPU
		{C774D5CF-7267-4E71-98AE-63B12A984D59}.Debug|Any CPU.ActiveCfg = Debug|Any CPU
		{C774D5CF-7267-4E71-98AE-63B12A984D59}.Debug|Any CPU.Build.0 = Debug|Any CPU
		{C774D5CF-7267-4E71-98AE-63B12A984D59}.Release|Any CPU.ActiveCfg = Release|Any CPU
		{C774D5CF-7267-4E71-98AE-63B12A984D59}.Release|Any CPU.Build.0 = Release|Any CPU
		{45FE7CE1-DF33-484A-B08C-F526D418A0C1}.Debug|Any CPU.ActiveCfg = Debug|Any CPU
		{45FE7CE1-DF33-484A-B08C-F526D418A0C1}.Debug|Any CPU.Build.0 = Debug|Any CPU
		{45FE7CE1-DF33-484A-B08C-F526D418A0C1}.Release|Any CPU.ActiveCfg = Release|Any CPU
		{45FE7CE1-DF33-484A-B08C-F526D418A0C1}.Release|Any CPU.Build.0 = Release|Any CPU
		{CEEBC451-8A6C-4352-8EB5-8642445F8BB5}.Debug|Any CPU.ActiveCfg = Debug|Any CPU
		{CEEBC451-8A6C-4352-8EB5-8642445F8BB5}.Debug|Any CPU.Build.0 = Debug|Any CPU
		{CEEBC451-8A6C-4352-8EB5-8642445F8BB5}.Release|Any CPU.ActiveCfg = Release|Any CPU
		{CEEBC451-8A6C-4352-8EB5-8642445F8BB5}.Release|Any CPU.Build.0 = Release|Any CPU
		{2D6F8819-E0E8-4758-9CBF-2BCED5AA3BDD}.Debug|Any CPU.ActiveCfg = Debug|Any CPU
		{2D6F8819-E0E8-4758-9CBF-2BCED5AA3BDD}.Debug|Any CPU.Build.0 = Debug|Any CPU
		{2D6F8819-E0E8-4758-9CBF-2BCED5AA3BDD}.Release|Any CPU.ActiveCfg = Release|Any CPU
		{2D6F8819-E0E8-4758-9CBF-2BCED5AA3BDD}.Release|Any CPU.Build.0 = Release|Any CPU
		{89967B12-9F01-4699-81D6-851509BE1B44}.Debug|Any CPU.ActiveCfg = Debug|Any CPU
		{89967B12-9F01-4699-81D6-851509BE1B44}.Debug|Any CPU.Build.0 = Debug|Any CPU
		{89967B12-9F01-4699-81D6-851509BE1B44}.Release|Any CPU.ActiveCfg = Release|Any CPU
		{89967B12-9F01-4699-81D6-851509BE1B44}.Release|Any CPU.Build.0 = Release|Any CPU
	EndGlobalSection
	GlobalSection(SolutionProperties) = preSolution
		HideSolutionNode = FALSE
	EndGlobalSection
	GlobalSection(ExtensibilityGlobals) = postSolution
		SolutionGuid = {99DAF2BD-71EE-4671-83B1-79BDE9C64049}
	EndGlobalSection
EndGlobal
